[[package]]
name = "builder"
version = "0.1.0"
dependencies = [
 "shared 0.1.0",
]

[[package]]
name = "pool"
version = "0.1.0"
dependencies = [
 "builder 0.1.0",
 "shared 0.1.0",
]

[[package]]
name = "shared"
version = "0.1.0"

[[package]]
name = "timer"
version = "0.1.0"
dependencies = [
 "shared 0.1.0",
]

